
Microsoft Visual Studio Solution File, Format Version 12.00
# Visual Studio Version 17
VisualStudioVersion = 17.5.33502.453
MinimumVisualStudioVersion = 10.0.40219.1
Project("{FAE04EC0-301F-11D3-BF4B-00C04F79EFBC}") = "Technical Task-1 Review", "Technical Task-1 Review\Technical Task-1 Review.csproj", "{17E940D6-7A89-43E4-8587-903AC1B500FD}"
EndProject
Global
	GlobalSection(SolutionConfigurationPlatforms) = preSolution
		Debug|Any CPU = Debug|Any CPU
		Release|Any CPU = Release|Any CPU
	EndGlobalSection
	GlobalSection(ProjectConfigurationPlatforms) = postSolution
		{17E940D6-7A89-43E4-8587-903AC1B500FD}.Debug|Any CPU.ActiveCfg = Debug|Any CPU
		{17E940D6-7A89-43E4-8587-903AC1B500FD}.Debug|Any CPU.Build.0 = Debug|Any CPU
		{17E940D6-7A89-43E4-8587-903AC1B500FD}.Release|Any CPU.ActiveCfg = Release|Any CPU
		{17E940D6-7A89-43E4-8587-903AC1B500FD}.Release|Any CPU.Build.0 = Release|Any CPU
	EndGlobalSection
	GlobalSection(SolutionProperties) = preSolution
		HideSolutionNode = FALSE
	EndGlobalSection
	GlobalSection(ExtensibilityGlobals) = postSolution
		SolutionGuid = {C98199C8-2436-4570-9ECF-F86E369BE943}
	EndGlobalSection
EndGlobal
